{
  "name": "fixture",
  "lockfileVersion": 3,
  "packages": {
    "": { "name": "fixture", "dependencies": { "lodash": "^4" } },
    "node_modules/lodash": { "version": "4.17.21" },
    "node_modules/@babel/core": { "version": "7.0.0" },
    "node_modules/foo": { "version": "1.0.0" },
    "node_modules/foo/node_modules/lodash": { "version": "3.0.0" },
    "node_modules/aliased": { "name": "real-name", "version": "1.0.0" },
    "node_modules/my-workspace": { "resolved": "packages/my-workspace", "link": true }
  }
}
